
Microsoft Visual Studio Solution File, Format Version 12.00
# Visual Studio Version 17
VisualStudioVersion = 17.8.34316.72
MinimumVisualStudioVersion = 10.0.40219.1
Project("{FAE04EC0-301F-11D3-BF4B-00C04F79EFBC}") = "AdoNeT", "AdoNeT\AdoNeT.csproj", "{8C150BA3-069F-4D0C-8BEE-FC25BBC4690D}"
EndProject
Global
	GlobalSection(SolutionConfigurationPlatforms) = preSolution
		Debug|Any CPU = Debug|Any CPU
		Release|Any CPU = Release|Any CPU
	EndGlobalSection
	GlobalSection(ProjectConfigurationPlatforms) = postSolution
		{8C150BA3-069F-4D0C-8BEE-FC25BBC4690D}.Debug|Any CPU.ActiveCfg = Debug|Any CPU
		{8C150BA3-069F-4D0C-8BEE-FC25BBC4690D}.Debug|Any CPU.Build.0 = Debug|Any CPU
		{8C150BA3-069F-4D0C-8BEE-FC25BBC4690D}.Release|Any CPU.ActiveCfg = Release|Any CPU
		{8C150BA3-069F-4D0C-8BEE-FC25BBC4690D}.Release|Any CPU.Build.0 = Release|Any CPU
	EndGlobalSection
	GlobalSection(SolutionProperties) = preSolution
		HideSolutionNode = FALSE
	EndGlobalSection
	GlobalSection(ExtensibilityGlobals) = postSolution
		SolutionGuid = {86DC5479-E541-493F-A733-79F6C0421D13}
	EndGlobalSection
EndGlobal
